
Microsoft Visual Studio Solution File, Format Version 12.00
# Visual Studio 15
VisualStudioVersion = 15.0.27130.2010
MinimumVisualStudioVersion = 10.0.40219.1
Project("{FAE04EC0-301F-11D3-BF4B-00C04F79EFBC}") = "Mag-ACClientPatcher", "Mag-ACClientPatcher.csproj", "{7B25F111-9A30-4062-BBAD-6C1E02986199}"
EndProject
Global
	GlobalSection(SolutionConfigurationPlatforms) = preSolution
		Debug|Any CPU = Debug|Any CPU
		Release|Any CPU = Release|Any CPU
	EndGlobalSection
	GlobalSection(ProjectConfigurationPlatforms) = postSolution
		{7B25F111-9A30-4062-BBAD-6C1E02986199}.Debug|Any CPU.ActiveCfg = Debug|Any CPU
		{7B25F111-9A30-4062-BBAD-6C1E02986199}.Debug|Any CPU.Build.0 = Debug|Any CPU
		{7B25F111-9A30-4062-BBAD-6C1E02986199}.Release|Any CPU.ActiveCfg = Release|Any CPU
		{7B25F111-9A30-4062-BBAD-6C1E02986199}.Release|Any CPU.Build.0 = Release|Any CPU
	EndGlobalSection
	GlobalSection(SolutionProperties) = preSolution
		HideSolutionNode = FALSE
	EndGlobalSection
	GlobalSection(ExtensibilityGlobals) = postSolution
		SolutionGuid = {B38E3D09-F423-4623-9ADE-D7CF087E64E7}
	EndGlobalSection
EndGlobal
